<?xml version="1.0" encoding="utf-8"?>
<Project ToolsVersion="4.0" xmlns="http://schemas.microsoft.com/developer/msbuild/2003">
  <ItemGroup>
    <Filter Include="Source Files">
      <UniqueIdentifier>{4FC737F1-C7A5-4376-A066-2A32D752A2FF}</UniqueIdentifier>
      <Extensions>cpp;c;cc;cxx;def;odl;idl;hpj;bat;asm;asmx</Extensions>
    </Filter>
    <Filter Include="Header Files">
      <UniqueIdentifier>{93995380-89BD-4b04-88EB-625FBE52EBFB}</UniqueIdentifier>
      <Extensions>h;hpp;hxx;hm;inl;inc;xsd</Extensions>
    </Filter>
    <Filter Include="Resource Files">
      <UniqueIdentifier>{67DA6AB6-F800-4c08-8B7A-83BB121AAD01}</UniqueIdentifier>
      <Extensions>rc;ico;cur;bmp;dlg;rc2;rct;bin;rgs;gif;jpg;jpeg;jpe;resx;tiff;tif;png;wav;mfcribbon-ms</Extensions>
    </Filter>
  </ItemGroup>
  <ItemGroup>
    <ClCompile Include="src\configuration.cpp">
      <Filter>Source Files</Filter>
    </ClCompile>
    <ClCompile Include="src\core.cpp">
      <Filter>Source Files</Filter>
    </ClCompile>
    <ClCompile Include="src\curl.cpp">
      <Filter>Source Files</Filter>
    </ClCompile>
    <ClCompile Include="src\freelan.cpp">
      <Filter>Source Files</Filter>
    </ClCompile>
    <ClCompile Include="src\mtu.cpp">
      <Filter>Source Files</Filter>
    </ClCompile>
    <ClCompile Include="src\switch.cpp">
      <Filter>Source Files</Filter>
    </ClCompile>
    <ClCompile Include="src\router.cpp">
      <Filter>Source Files</Filter>
    </ClCompile>
    <ClCompile Include="src\message.cpp">
      <Filter>Source Files</Filter>
    </ClCompile>
    <ClCompile Include="src\routes_message.cpp">
      <Filter>Source Files</Filter>
    </ClCompile>
    <ClCompile Include="src\routes_request_message.cpp">
      <Filter>Source Files</Filter>
    </ClCompile>
    <ClCompile Include="src\metric.cpp">
      <Filter>Source Files</Filter>
    </ClCompile>
    <ClCompile Include="src\server.cpp">
      <Filter>Source Files</Filter>
    </ClCompile>
    <ClCompile Include="src\tools.cpp">
      <Filter>Source Files</Filter>
    </ClCompile>
    <ClCompile Include="src\client.cpp">
      <Filter>Source Files</Filter>
    </ClCompile>
    <ClCompile Include="src\curl_error.cpp">
      <Filter>Source Files</Filter>
    </ClCompile>
    <ClCompile Include="src\web_client_error.cpp">
      <Filter>Source Files</Filter>
    </ClCompile>
    <ClCompile Include="src\mss.cpp">
      <Filter>Source Files</Filter>
    </ClCompile>
    <ClCompile Include="src\ip_route.cpp">
      <Filter>Source Files</Filter>
    </ClCompile>
  </ItemGroup>
  <ItemGroup>
    <ClInclude Include="src\curl.hpp">
      <Filter>Header Files</Filter>
    </ClInclude>
    <ClInclude Include="include\freelan\configuration.hpp">
      <Filter>Header Files</Filter>
    </ClInclude>
    <ClInclude Include="include\freelan\core.hpp">
      <Filter>Header Files</Filter>
    </ClInclude>
    <ClInclude Include="include\freelan\freelan.hpp">
      <Filter>Header Files</Filter>
    </ClInclude>
    <ClInclude Include="include\freelan\mtu.hpp">
      <Filter>Header Files</Filter>
    </ClInclude>
    <ClInclude Include="include\freelan\os.hpp">
      <Filter>Header Files</Filter>
    </ClInclude>
    <ClInclude Include="include\freelan\switch.hpp">
      <Filter>Header Files</Filter>
    </ClInclude>
    <ClInclude Include="include\freelan\router.hpp">
      <Filter>Header Files</Filter>
    </ClInclude>
    <ClInclude Include="include\freelan\message.hpp">
      <Filter>Header Files</Filter>
    </ClInclude>
    <ClInclude Include="include\freelan\port_index.hpp">
      <Filter>Header Files</Filter>
    </ClInclude>
    <ClInclude Include="include\freelan\routes_message.hpp">
      <Filter>Header Files</Filter>
    </ClInclude>
    <ClInclude Include="include\freelan\routes_request_message.hpp">
      <Filter>Header Files</Filter>
    </ClInclude>
    <ClInclude Include="include\freelan\metric.hpp">
      <Filter>Header Files</Filter>
    </ClInclude>
    <ClInclude Include="include\freelan\server.hpp">
      <Filter>Header Files</Filter>
    </ClInclude>
    <ClInclude Include="include\freelan\tools.hpp">
      <Filter>Header Files</Filter>
    </ClInclude>
    <ClInclude Include="src\client.hpp">
      <Filter>Header Files</Filter>
    </ClInclude>
    <ClInclude Include="src\curl_error.hpp">
      <Filter>Header Files</Filter>
    </ClInclude>
    <ClInclude Include="src\web_client_error.hpp">
      <Filter>Header Files</Filter>
    </ClInclude>
    <ClInclude Include="include\freelan\mss.hpp">
      <Filter>Header Files</Filter>
    </ClInclude>
    <ClInclude Include="include\freelan\ip_route.hpp">
      <Filter>Header Files</Filter>
    </ClInclude>
  </ItemGroup>
</Project>