<?xml version="1.0" encoding="utf-8"?>
<Project ToolsVersion="4.0" xmlns="http://schemas.microsoft.com/developer/msbuild/2003">
  <ItemGroup>
    <Filter Include="Resource Files">
      <UniqueIdentifier>{03e1ec85-5776-4148-bb2f-a5e4416c6126}</UniqueIdentifier>
      <Extensions>rc;ico;cur;bmp;dlg;rc2;rct;bin;rgs;gif;jpg;jpeg;jpe;resx;tiff;tif;png;wav;mfcribbon-ms</Extensions>
    </Filter>
  </ItemGroup>
  <ItemGroup>
    <ClCompile Include="src\converter.cpp" />
    <ClCompile Include="src\iconv_error_category.cpp" />
    <ClCompile Include="src\iconv_instance.cpp" />
    <ClCompile Include="src\kfather.cpp" />
  </ItemGroup>
  <ItemGroup>
    <ClInclude Include="include\kfather\converter.hpp" />
    <ClInclude Include="include\kfather\iconv_error_category.hpp" />
    <ClInclude Include="include\kfather\iconv_instance.hpp" />
    <ClInclude Include="include\kfather\kfather.hpp" />
    <ClInclude Include="include\kfather\os.hpp" />
  </ItemGroup>
</Project>