<?xml version="1.0" encoding="utf-8"?>
<Project ToolsVersion="4.0" xmlns="http://schemas.microsoft.com/developer/msbuild/2003">
  <ItemGroup>
    <Filter Include="Source Files">
      <UniqueIdentifier>{4FC737F1-C7A5-4376-A066-2A32D752A2FF}</UniqueIdentifier>
      <Extensions>cpp;c;cc;cxx;def;odl;idl;hpj;bat;asm;asmx</Extensions>
    </Filter>
    <Filter Include="Header Files">
      <UniqueIdentifier>{93995380-89BD-4b04-88EB-625FBE52EBFB}</UniqueIdentifier>
      <Extensions>h;hpp;hxx;hm;inl;inc;xsd</Extensions>
    </Filter>
    <Filter Include="Resource Files">
      <UniqueIdentifier>{67DA6AB6-F800-4c08-8B7A-83BB121AAD01}</UniqueIdentifier>
      <Extensions>rc;ico;cur;bmp;dlg;rc2;rct;bin;rgs;gif;jpg;jpeg;jpe;resx;tiff;tif;png;wav;mfcribbon-ms</Extensions>
    </Filter>
  </ItemGroup>
  <ItemGroup>
    <ClCompile Include="src\buffer_tools.cpp">
      <Filter>Source Files</Filter>
    </ClCompile>
    <ClCompile Include="src\constants.cpp">
      <Filter>Source Files</Filter>
    </ClCompile>
    <ClCompile Include="src\data_message.cpp">
      <Filter>Source Files</Filter>
    </ClCompile>
    <ClCompile Include="src\hello_message.cpp">
      <Filter>Source Files</Filter>
    </ClCompile>
    <ClCompile Include="src\identity_store.cpp">
      <Filter>Source Files</Filter>
    </ClCompile>
    <ClCompile Include="src\message.cpp">
      <Filter>Source Files</Filter>
    </ClCompile>
    <ClCompile Include="src\presentation_message.cpp">
      <Filter>Source Files</Filter>
    </ClCompile>
    <ClCompile Include="src\presentation_store.cpp">
      <Filter>Source Files</Filter>
    </ClCompile>
    <ClCompile Include="src\server.cpp">
      <Filter>Source Files</Filter>
    </ClCompile>
    <ClCompile Include="src\session_message.cpp">
      <Filter>Source Files</Filter>
    </ClCompile>
    <ClCompile Include="src\session_request_message.cpp">
      <Filter>Source Files</Filter>
    </ClCompile>
    <ClCompile Include="src\shared_buffer.cpp">
      <Filter>Source Files</Filter>
    </ClCompile>
    <ClCompile Include="src\server_error.cpp">
      <Filter>Source Files</Filter>
    </ClCompile>
    <ClCompile Include="src\peer_session.cpp">
      <Filter>Source Files</Filter>
    </ClCompile>
  </ItemGroup>
  <ItemGroup>
    <ClInclude Include="include\fscp\buffer_tools.hpp">
      <Filter>Header Files</Filter>
    </ClInclude>
    <ClInclude Include="include\fscp\constants.hpp">
      <Filter>Header Files</Filter>
    </ClInclude>
    <ClInclude Include="include\fscp\data_message.hpp">
      <Filter>Header Files</Filter>
    </ClInclude>
    <ClInclude Include="include\fscp\fscp.hpp">
      <Filter>Header Files</Filter>
    </ClInclude>
    <ClInclude Include="include\fscp\hello_message.hpp">
      <Filter>Header Files</Filter>
    </ClInclude>
    <ClInclude Include="include\fscp\identity_store.hpp">
      <Filter>Header Files</Filter>
    </ClInclude>
    <ClInclude Include="include\fscp\message.hpp">
      <Filter>Header Files</Filter>
    </ClInclude>
    <ClInclude Include="include\fscp\presentation_message.hpp">
      <Filter>Header Files</Filter>
    </ClInclude>
    <ClInclude Include="include\fscp\presentation_store.hpp">
      <Filter>Header Files</Filter>
    </ClInclude>
    <ClInclude Include="include\fscp\server.hpp">
      <Filter>Header Files</Filter>
    </ClInclude>
    <ClInclude Include="include\fscp\session_message.hpp">
      <Filter>Header Files</Filter>
    </ClInclude>
    <ClInclude Include="include\fscp\session_request_message.hpp">
      <Filter>Header Files</Filter>
    </ClInclude>
    <ClInclude Include="include\fscp\shared_buffer.hpp">
      <Filter>Header Files</Filter>
    </ClInclude>
    <ClInclude Include="include\fscp\server_error.hpp">
      <Filter>Header Files</Filter>
    </ClInclude>
    <ClInclude Include="include\fscp\peer_session.hpp">
      <Filter>Header Files</Filter>
    </ClInclude>
  </ItemGroup>
</Project>
