<?xml version="1.0" encoding="utf-8"?>
<Project ToolsVersion="4.0" xmlns="http://schemas.microsoft.com/developer/msbuild/2003">
  <ItemGroup>
    <Filter Include="Source Files">
      <UniqueIdentifier>{4FC737F1-C7A5-4376-A066-2A32D752A2FF}</UniqueIdentifier>
      <Extensions>cpp;c;cc;cxx;def;odl;idl;hpj;bat;asm;asmx</Extensions>
    </Filter>
    <Filter Include="Header Files">
      <UniqueIdentifier>{93995380-89BD-4b04-88EB-625FBE52EBFB}</UniqueIdentifier>
      <Extensions>h;hpp;hxx;hm;inl;inc;xsd</Extensions>
    </Filter>
    <Filter Include="Resource Files">
      <UniqueIdentifier>{67DA6AB6-F800-4c08-8B7A-83BB121AAD01}</UniqueIdentifier>
      <Extensions>rc;ico;cur;bmp;dlg;rc2;rct;bin;rgs;gif;jpg;jpeg;jpe;resx;tiff;tif;png;wav;mfcribbon-ms</Extensions>
    </Filter>
  </ItemGroup>
  <ItemGroup>
    <ClCompile Include="src\arp_builder.cpp">
      <Filter>Source Files</Filter>
    </ClCompile>
    <ClCompile Include="src\arp_filter.cpp">
      <Filter>Source Files</Filter>
    </ClCompile>
    <ClCompile Include="src\arp_frame.cpp">
      <Filter>Source Files</Filter>
    </ClCompile>
    <ClCompile Include="src\arp_helper.cpp">
      <Filter>Source Files</Filter>
    </ClCompile>
    <ClCompile Include="src\arp_proxy.cpp">
      <Filter>Source Files</Filter>
    </ClCompile>
    <ClCompile Include="src\asiotap.cpp">
      <Filter>Source Files</Filter>
    </ClCompile>
    <ClCompile Include="src\bootp_builder.cpp">
      <Filter>Source Files</Filter>
    </ClCompile>
    <ClCompile Include="src\bootp_filter.cpp">
      <Filter>Source Files</Filter>
    </ClCompile>
    <ClCompile Include="src\bootp_frame.cpp">
      <Filter>Source Files</Filter>
    </ClCompile>
    <ClCompile Include="src\bootp_helper.cpp">
      <Filter>Source Files</Filter>
    </ClCompile>
    <ClCompile Include="src\builder.cpp">
      <Filter>Source Files</Filter>
    </ClCompile>
    <ClCompile Include="src\checksum.cpp">
      <Filter>Source Files</Filter>
    </ClCompile>
    <ClCompile Include="src\checksum_helper.cpp">
      <Filter>Source Files</Filter>
    </ClCompile>
    <ClCompile Include="src\complex_filter.cpp">
      <Filter>Source Files</Filter>
    </ClCompile>
    <ClCompile Include="src\dhcp_builder.cpp">
      <Filter>Source Files</Filter>
    </ClCompile>
    <ClCompile Include="src\dhcp_filter.cpp">
      <Filter>Source Files</Filter>
    </ClCompile>
    <ClCompile Include="src\dhcp_frame.cpp">
      <Filter>Source Files</Filter>
    </ClCompile>
    <ClCompile Include="src\dhcp_helper.cpp">
      <Filter>Source Files</Filter>
    </ClCompile>
    <ClCompile Include="src\dhcp_option.cpp">
      <Filter>Source Files</Filter>
    </ClCompile>
    <ClCompile Include="src\dhcp_option_helper.cpp">
      <Filter>Source Files</Filter>
    </ClCompile>
    <ClCompile Include="src\dhcp_option_helper_iterator.cpp">
      <Filter>Source Files</Filter>
    </ClCompile>
    <ClCompile Include="src\dhcp_proxy.cpp">
      <Filter>Source Files</Filter>
    </ClCompile>
    <ClCompile Include="src\ethernet_address.cpp">
      <Filter>Source Files</Filter>
    </ClCompile>
    <ClCompile Include="src\ethernet_builder.cpp">
      <Filter>Source Files</Filter>
    </ClCompile>
    <ClCompile Include="src\ethernet_filter.cpp">
      <Filter>Source Files</Filter>
    </ClCompile>
    <ClCompile Include="src\ethernet_frame.cpp">
      <Filter>Source Files</Filter>
    </ClCompile>
    <ClCompile Include="src\ethernet_helper.cpp">
      <Filter>Source Files</Filter>
    </ClCompile>
    <ClCompile Include="src\filter.cpp">
      <Filter>Source Files</Filter>
    </ClCompile>
    <ClCompile Include="src\frame.cpp">
      <Filter>Source Files</Filter>
    </ClCompile>
    <ClCompile Include="src\helper.cpp">
      <Filter>Source Files</Filter>
    </ClCompile>
    <ClCompile Include="src\icmp_builder.cpp">
      <Filter>Source Files</Filter>
    </ClCompile>
    <ClCompile Include="src\icmp_filter.cpp">
      <Filter>Source Files</Filter>
    </ClCompile>
    <ClCompile Include="src\icmp_frame.cpp">
      <Filter>Source Files</Filter>
    </ClCompile>
    <ClCompile Include="src\icmp_helper.cpp">
      <Filter>Source Files</Filter>
    </ClCompile>
    <ClCompile Include="src\ipv4_builder.cpp">
      <Filter>Source Files</Filter>
    </ClCompile>
    <ClCompile Include="src\ipv4_filter.cpp">
      <Filter>Source Files</Filter>
    </ClCompile>
    <ClCompile Include="src\ipv4_frame.cpp">
      <Filter>Source Files</Filter>
    </ClCompile>
    <ClCompile Include="src\ipv4_helper.cpp">
      <Filter>Source Files</Filter>
    </ClCompile>
    <ClCompile Include="src\ipv6_filter.cpp">
      <Filter>Source Files</Filter>
    </ClCompile>
    <ClCompile Include="src\ipv6_frame.cpp">
      <Filter>Source Files</Filter>
    </ClCompile>
    <ClCompile Include="src\ipv6_helper.cpp">
      <Filter>Source Files</Filter>
    </ClCompile>
    <ClCompile Include="src\proxy.cpp">
      <Filter>Source Files</Filter>
    </ClCompile>
    <ClCompile Include="src\udp_builder.cpp">
      <Filter>Source Files</Filter>
    </ClCompile>
    <ClCompile Include="src\udp_filter.cpp">
      <Filter>Source Files</Filter>
    </ClCompile>
    <ClCompile Include="src\udp_frame.cpp">
      <Filter>Source Files</Filter>
    </ClCompile>
    <ClCompile Include="src\udp_helper.cpp">
      <Filter>Source Files</Filter>
    </ClCompile>
    <ClCompile Include="src\error.cpp">
      <Filter>Source Files</Filter>
    </ClCompile>
    <ClCompile Include="src\base_tap_adapter.cpp">
      <Filter>Source Files</Filter>
    </ClCompile>
    <ClCompile Include="src\windows\windows_tap_adapter.cpp">
      <Filter>Source Files</Filter>
    </ClCompile>
    <ClCompile Include="src\ip_network_address.cpp">
      <Filter>Source Files</Filter>
    </ClCompile>
    <ClCompile Include="src\endpoint.cpp">
      <Filter>Source Files</Filter>
    </ClCompile>
    <ClCompile Include="src\hostname_endpoint.cpp">
      <Filter>Source Files</Filter>
    </ClCompile>
    <ClCompile Include="src\ip_endpoint.cpp">
      <Filter>Source Files</Filter>
    </ClCompile>
    <ClCompile Include="src\stream_operations.cpp">
      <Filter>Source Files</Filter>
    </ClCompile>
    <ClCompile Include="src\windows\windows_route_manager.cpp">
      <Filter>Source Files</Filter>
    </ClCompile>
    <ClCompile Include="src\ip_route.cpp">
      <Filter>Source Files</Filter>
    </ClCompile>
    <ClCompile Include="src\icmpv6_proxy.cpp">
      <Filter>Source Files</Filter>
    </ClCompile>
    <ClCompile Include="src\icmpv6_frame.cpp">
      <Filter>Source Files</Filter>
    </ClCompile>
    <ClCompile Include="src\icmpv6_helper.cpp">
      <Filter>Source Files</Filter>
    </ClCompile>
    <ClCompile Include="src\icmpv6_filter.cpp">
      <Filter>Source Files</Filter>
    </ClCompile>
    <ClCompile Include="src\ipv6_builder.cpp">
      <Filter>Source Files</Filter>
    </ClCompile>
    <ClCompile Include="src\icmpv6_builder.cpp">
      <Filter>Source Files</Filter>
    </ClCompile>
    <ClCompile Include="src\tcp_frame.cpp">
      <Filter>Source Files</Filter>
    </ClCompile>
    <ClCompile Include="src\tcp_helper.cpp">
      <Filter>Source Files</Filter>
    </ClCompile>
    <ClCompile Include="src\tcp_mss_morpher.cpp">
      <Filter>Source Files</Filter>
    </ClCompile>
    <ClCompile Include="src\tcp_filter.cpp">
      <Filter>Source Files</Filter>
    </ClCompile>
    <ClCompile Include="src\windows\windows_dns_servers_manager.cpp">
      <Filter>Source Files</Filter>
    </ClCompile>
    <ClCompile Include="src\windows\netsh.cpp">
      <Filter>Source Files</Filter>
    </ClCompile>
  </ItemGroup>
  <ItemGroup>
    <ClInclude Include="include\asiotap\osi\arp_builder.hpp">
      <Filter>Header Files</Filter>
    </ClInclude>
    <ClInclude Include="include\asiotap\osi\arp_filter.hpp">
      <Filter>Header Files</Filter>
    </ClInclude>
    <ClInclude Include="include\asiotap\osi\arp_frame.hpp">
      <Filter>Header Files</Filter>
    </ClInclude>
    <ClInclude Include="include\asiotap\osi\arp_helper.hpp">
      <Filter>Header Files</Filter>
    </ClInclude>
    <ClInclude Include="include\asiotap\osi\arp_proxy.hpp">
      <Filter>Header Files</Filter>
    </ClInclude>
    <ClInclude Include="include\asiotap\osi\bootp_builder.hpp">
      <Filter>Header Files</Filter>
    </ClInclude>
    <ClInclude Include="include\asiotap\osi\bootp_filter.hpp">
      <Filter>Header Files</Filter>
    </ClInclude>
    <ClInclude Include="include\asiotap\osi\bootp_frame.hpp">
      <Filter>Header Files</Filter>
    </ClInclude>
    <ClInclude Include="include\asiotap\osi\bootp_helper.hpp">
      <Filter>Header Files</Filter>
    </ClInclude>
    <ClInclude Include="include\asiotap\osi\builder.hpp">
      <Filter>Header Files</Filter>
    </ClInclude>
    <ClInclude Include="include\asiotap\osi\checksum.hpp">
      <Filter>Header Files</Filter>
    </ClInclude>
    <ClInclude Include="include\asiotap\osi\checksum_helper.hpp">
      <Filter>Header Files</Filter>
    </ClInclude>
    <ClInclude Include="include\asiotap\osi\complex_filter.hpp">
      <Filter>Header Files</Filter>
    </ClInclude>
    <ClInclude Include="include\asiotap\osi\dhcp_builder.hpp">
      <Filter>Header Files</Filter>
    </ClInclude>
    <ClInclude Include="include\asiotap\osi\dhcp_filter.hpp">
      <Filter>Header Files</Filter>
    </ClInclude>
    <ClInclude Include="include\asiotap\osi\dhcp_frame.hpp">
      <Filter>Header Files</Filter>
    </ClInclude>
    <ClInclude Include="include\asiotap\osi\dhcp_helper.hpp">
      <Filter>Header Files</Filter>
    </ClInclude>
    <ClInclude Include="include\asiotap\osi\dhcp_option.hpp">
      <Filter>Header Files</Filter>
    </ClInclude>
    <ClInclude Include="include\asiotap\osi\dhcp_option_helper.hpp">
      <Filter>Header Files</Filter>
    </ClInclude>
    <ClInclude Include="include\asiotap\osi\dhcp_option_helper_iterator.hpp">
      <Filter>Header Files</Filter>
    </ClInclude>
    <ClInclude Include="include\asiotap\osi\dhcp_proxy.hpp">
      <Filter>Header Files</Filter>
    </ClInclude>
    <ClInclude Include="include\asiotap\osi\ethernet_address.hpp">
      <Filter>Header Files</Filter>
    </ClInclude>
    <ClInclude Include="include\asiotap\osi\ethernet_builder.hpp">
      <Filter>Header Files</Filter>
    </ClInclude>
    <ClInclude Include="include\asiotap\osi\ethernet_filter.hpp">
      <Filter>Header Files</Filter>
    </ClInclude>
    <ClInclude Include="include\asiotap\osi\ethernet_frame.hpp">
      <Filter>Header Files</Filter>
    </ClInclude>
    <ClInclude Include="include\asiotap\osi\ethernet_helper.hpp">
      <Filter>Header Files</Filter>
    </ClInclude>
    <ClInclude Include="include\asiotap\osi\filter.hpp">
      <Filter>Header Files</Filter>
    </ClInclude>
    <ClInclude Include="include\asiotap\osi\frame.hpp">
      <Filter>Header Files</Filter>
    </ClInclude>
    <ClInclude Include="include\asiotap\osi\helper.hpp">
      <Filter>Header Files</Filter>
    </ClInclude>
    <ClInclude Include="include\asiotap\osi\icmp_builder.hpp">
      <Filter>Header Files</Filter>
    </ClInclude>
    <ClInclude Include="include\asiotap\osi\icmp_filter.hpp">
      <Filter>Header Files</Filter>
    </ClInclude>
    <ClInclude Include="include\asiotap\osi\icmp_frame.hpp">
      <Filter>Header Files</Filter>
    </ClInclude>
    <ClInclude Include="include\asiotap\osi\icmp_helper.hpp">
      <Filter>Header Files</Filter>
    </ClInclude>
    <ClInclude Include="include\asiotap\osi\ipv4_builder.hpp">
      <Filter>Header Files</Filter>
    </ClInclude>
    <ClInclude Include="include\asiotap\osi\ipv4_filter.hpp">
      <Filter>Header Files</Filter>
    </ClInclude>
    <ClInclude Include="include\asiotap\osi\ipv4_frame.hpp">
      <Filter>Header Files</Filter>
    </ClInclude>
    <ClInclude Include="include\asiotap\osi\ipv4_helper.hpp">
      <Filter>Header Files</Filter>
    </ClInclude>
    <ClInclude Include="include\asiotap\osi\ipv6_filter.hpp">
      <Filter>Header Files</Filter>
    </ClInclude>
    <ClInclude Include="include\asiotap\osi\ipv6_frame.hpp">
      <Filter>Header Files</Filter>
    </ClInclude>
    <ClInclude Include="include\asiotap\osi\ipv6_helper.hpp">
      <Filter>Header Files</Filter>
    </ClInclude>
    <ClInclude Include="include\asiotap\osi\proxy.hpp">
      <Filter>Header Files</Filter>
    </ClInclude>
    <ClInclude Include="include\asiotap\osi\udp_builder.hpp">
      <Filter>Header Files</Filter>
    </ClInclude>
    <ClInclude Include="include\asiotap\osi\udp_filter.hpp">
      <Filter>Header Files</Filter>
    </ClInclude>
    <ClInclude Include="include\asiotap\osi\udp_frame.hpp">
      <Filter>Header Files</Filter>
    </ClInclude>
    <ClInclude Include="include\asiotap\osi\udp_helper.hpp">
      <Filter>Header Files</Filter>
    </ClInclude>
    <ClInclude Include="include\asiotap\asiotap.hpp">
      <Filter>Header Files</Filter>
    </ClInclude>
    <ClInclude Include="include\asiotap\os.hpp">
      <Filter>Header Files</Filter>
    </ClInclude>
    <ClInclude Include="include\asiotap\tap_adapter.hpp">
      <Filter>Header Files</Filter>
    </ClInclude>
    <ClInclude Include="include\asiotap\tap_adapter_impl.hpp">
      <Filter>Header Files</Filter>
    </ClInclude>
    <ClInclude Include="include\asiotap\windows\windows_tap_adapter.hpp">
      <Filter>Header Files</Filter>
    </ClInclude>
    <ClInclude Include="include\asiotap\base_tap_adapter.hpp">
      <Filter>Header Files</Filter>
    </ClInclude>
    <ClInclude Include="include\asiotap\error.hpp">
      <Filter>Header Files</Filter>
    </ClInclude>
    <ClInclude Include="include\asiotap\tap_adapter_configuration.hpp">
      <Filter>Header Files</Filter>
    </ClInclude>
    <ClInclude Include="include\asiotap\tap_adapter_layer.hpp">
      <Filter>Header Files</Filter>
    </ClInclude>
    <ClInclude Include="include\asiotap\types\endpoint.hpp">
      <Filter>Header Files</Filter>
    </ClInclude>
    <ClInclude Include="include\asiotap\types\hostname_endpoint.hpp">
      <Filter>Header Files</Filter>
    </ClInclude>
    <ClInclude Include="include\asiotap\types\ip_endpoint.hpp">
      <Filter>Header Files</Filter>
    </ClInclude>
    <ClInclude Include="include\asiotap\types\ip_network_address.hpp">
      <Filter>Header Files</Filter>
    </ClInclude>
    <ClInclude Include="include\asiotap\types\stream_operations.hpp">
      <Filter>Header Files</Filter>
    </ClInclude>
    <ClInclude Include="include\asiotap\base_route_manager.hpp">
      <Filter>Header Files</Filter>
    </ClInclude>
    <ClInclude Include="include\asiotap\route_manager.hpp">
      <Filter>Header Files</Filter>
    </ClInclude>
    <ClInclude Include="include\asiotap\windows\windows_route_manager.hpp">
      <Filter>Header Files</Filter>
    </ClInclude>
    <ClInclude Include="include\asiotap\types\ip_route.hpp">
      <Filter>Header Files</Filter>
    </ClInclude>
    <ClInclude Include="windows\tap-windows.h">
      <Filter>Header Files</Filter>
    </ClInclude>
    <ClInclude Include="include\asiotap\windows\registry.hpp">
      <Filter>Header Files</Filter>
    </ClInclude>
    <ClInclude Include="include\asiotap\osi\icmpv6_proxy.hpp">
      <Filter>Header Files</Filter>
    </ClInclude>
    <ClInclude Include="include\asiotap\osi\icmpv6_frame.hpp">
      <Filter>Header Files</Filter>
    </ClInclude>
    <ClInclude Include="include\asiotap\osi\icmpv6_helper.hpp">
      <Filter>Header Files</Filter>
    </ClInclude>
    <ClInclude Include="include\asiotap\osi\icmpv6_filter.hpp">
      <Filter>Header Files</Filter>
    </ClInclude>
    <ClInclude Include="include\asiotap\osi\ipv6_builder.hpp">
      <Filter>Header Files</Filter>
    </ClInclude>
    <ClInclude Include="include\asiotap\osi\icmpv6_builder.hpp">
      <Filter>Header Files</Filter>
    </ClInclude>
    <ClInclude Include="include\asiotap\osi\tcp_frame.hpp">
      <Filter>Header Files</Filter>
    </ClInclude>
    <ClInclude Include="include\asiotap\osi\tcp_helper.hpp">
      <Filter>Header Files</Filter>
    </ClInclude>
    <ClInclude Include="include\asiotap\osi\tcp_mss_morpher.hpp">
      <Filter>Header Files</Filter>
    </ClInclude>
    <ClInclude Include="include\asiotap\osi\tcp_filter.hpp">
      <Filter>Header Files</Filter>
    </ClInclude>
    <ClInclude Include="include\asiotap\base_dns_servers_manager.hpp">
      <Filter>Header Files</Filter>
    </ClInclude>
    <ClInclude Include="include\asiotap\dns_servers_manager.hpp">
      <Filter>Header Files</Filter>
    </ClInclude>
    <ClInclude Include="include\asiotap\windows\windows_dns_servers_manager.hpp">
      <Filter>Header Files</Filter>
    </ClInclude>
    <ClInclude Include="include\asiotap\windows\netsh.hpp">
      <Filter>Header Files</Filter>
    </ClInclude>
  </ItemGroup>
</Project>